<?xml version="1.0" encoding="utf-8"?>
<Project ToolsVersion="4.0" xmlns="http://schemas.microsoft.com/developer/msbuild/2003">
  <ItemGroup>
    <Filter Include="소스 파일">
      <UniqueIdentifier>{4FC737F1-C7A5-4376-A066-2A32D752A2FF}</UniqueIdentifier>
      <Extensions>cpp;c;cc;cxx;def;odl;idl;hpj;bat;asm;asmx</Extensions>
    </Filter>
    <Filter Include="헤더 파일">
      <UniqueIdentifier>{93995380-89BD-4b04-88EB-625FBE52EBFB}</UniqueIdentifier>
      <Extensions>h;hh;hpp;hxx;hm;inl;inc;ipp;xsd</Extensions>
    </Filter>
    <Filter Include="리소스 파일">
      <UniqueIdentifier>{67DA6AB6-F800-4c08-8B7A-83BB121AAD01}</UniqueIdentifier>
      <Extensions>rc;ico;cur;bmp;dlg;rc2;rct;bin;rgs;gif;jpg;jpeg;jpe;resx;tiff;tif;png;wav;mfcribbon-ms</Extensions>
    </Filter>
  </ItemGroup>
  <ItemGroup>
    <ClCompile Include="바이러스.cpp">
      <Filter>소스 파일</Filter>
    </ClCompile>
    <ClCompile Include="단지번호붙이기.cpp">
      <Filter>소스 파일</Filter>
    </ClCompile>
    <ClCompile Include="보물섬.cpp">
      <Filter>소스 파일</Filter>
    </ClCompile>
    <ClCompile Include="N-Queen.cpp">
      <Filter>소스 파일</Filter>
    </ClCompile>
    <ClCompile Include="DFS와 BFS.cpp">
      <Filter>소스 파일</Filter>
    </ClCompile>
    <ClCompile Include="미로 탐색.cpp">
      <Filter>소스 파일</Filter>
    </ClCompile>
    <ClCompile Include="촌수계산.cpp">
      <Filter>소스 파일</Filter>
    </ClCompile>
    <ClCompile Include="토마토_7576.cpp">
      <Filter>소스 파일</Filter>
    </ClCompile>
    <ClCompile Include="토마토_7569.cpp">
      <Filter>소스 파일</Filter>
    </ClCompile>
    <ClCompile Include="숨바꼭질.cpp">
      <Filter>소스 파일</Filter>
    </ClCompile>
    <ClCompile Include="스타트링크.cpp">
      <Filter>소스 파일</Filter>
    </ClCompile>
    <ClCompile Include="안전 영역.cpp">
      <Filter>소스 파일</Filter>
    </ClCompile>
    <ClCompile Include="빙산.cpp">
      <Filter>소스 파일</Filter>
    </ClCompile>
    <ClCompile Include="맥주 마시면서 걸어가기.cpp">
      <Filter>소스 파일</Filter>
    </ClCompile>
    <ClCompile Include="거스름돈.cpp">
      <Filter>소스 파일</Filter>
    </ClCompile>
    <ClCompile Include="동전 0.cpp">
      <Filter>소스 파일</Filter>
    </ClCompile>
    <ClCompile Include="ATM.cpp">
      <Filter>소스 파일</Filter>
    </ClCompile>
    <ClCompile Include="로프.cpp">
      <Filter>소스 파일</Filter>
    </ClCompile>
    <ClCompile Include="한 줄로 서기.cpp">
      <Filter>소스 파일</Filter>
    </ClCompile>
    <ClCompile Include="잃어버린 괄호.cpp">
      <Filter>소스 파일</Filter>
    </ClCompile>
    <ClCompile Include="30.cpp">
      <Filter>소스 파일</Filter>
    </ClCompile>
    <ClCompile Include="신입 사원.cpp">
      <Filter>소스 파일</Filter>
    </ClCompile>
    <ClCompile Include="저울.cpp">
      <Filter>소스 파일</Filter>
    </ClCompile>
    <ClCompile Include="전구와 스위치.cpp">
      <Filter>소스 파일</Filter>
    </ClCompile>
    <ClCompile Include="병든 나이트.cpp">
      <Filter>소스 파일</Filter>
    </ClCompile>
    <ClCompile Include="DNA.cpp">
      <Filter>소스 파일</Filter>
    </ClCompile>
    <ClCompile Include="크게 만들기.cpp">
      <Filter>소스 파일</Filter>
    </ClCompile>
    <ClCompile Include="카드 정렬하기.cpp">
      <Filter>소스 파일</Filter>
    </ClCompile>
    <ClCompile Include="보석 도둑.cpp">
      <Filter>소스 파일</Filter>
    </ClCompile>
    <ClCompile Include="대회 or 인턴.cpp">
      <Filter>소스 파일</Filter>
    </ClCompile>
    <ClCompile Include="회의실 배정.cpp">
      <Filter>소스 파일</Filter>
    </ClCompile>
    <ClCompile Include="수들의 합.cpp">
      <Filter>소스 파일</Filter>
    </ClCompile>
    <ClCompile Include="주유소.cpp">
      <Filter>소스 파일</Filter>
    </ClCompile>
    <ClCompile Include="캠핑.cpp">
      <Filter>소스 파일</Filter>
    </ClCompile>
    <ClCompile Include="기타줄.cpp">
      <Filter>소스 파일</Filter>
    </ClCompile>
    <ClCompile Include="문서 검색.cpp">
      <Filter>소스 파일</Filter>
    </ClCompile>
    <ClCompile Include="UCPC는 무엇의 약자일까.cpp">
      <Filter>소스 파일</Filter>
    </ClCompile>
    <ClCompile Include="폴리오미노.cpp">
      <Filter>소스 파일</Filter>
    </ClCompile>
    <ClCompile Include="이장님 초대.cpp">
      <Filter>소스 파일</Filter>
    </ClCompile>
    <ClCompile Include="사과 담기 게임.cpp">
      <Filter>소스 파일</Filter>
    </ClCompile>
    <ClCompile Include="멀티탭 스케줄링.cpp">
      <Filter>소스 파일</Filter>
    </ClCompile>
    <ClCompile Include="피보나치 수 2.cpp">
      <Filter>소스 파일</Filter>
    </ClCompile>
    <ClCompile Include="1로 만들기.cpp">
      <Filter>소스 파일</Filter>
    </ClCompile>
    <ClCompile Include="1, 2, 3 더하기.cpp">
      <Filter>소스 파일</Filter>
    </ClCompile>
    <ClCompile Include="계단 오르기.cpp">
      <Filter>소스 파일</Filter>
    </ClCompile>
    <ClCompile Include="2×n 타일링.cpp">
      <Filter>소스 파일</Filter>
    </ClCompile>
    <ClCompile Include="가장 긴 감소하는 부분 수열.cpp">
      <Filter>소스 파일</Filter>
    </ClCompile>
    <ClCompile Include="가장 긴 증가하는 부분 수열.cpp">
      <Filter>소스 파일</Filter>
    </ClCompile>
    <ClCompile Include="퇴사 2.cpp">
      <Filter>소스 파일</Filter>
    </ClCompile>
    <ClCompile Include="동전 2.cpp">
      <Filter>소스 파일</Filter>
    </ClCompile>
    <ClCompile Include="이항 계수 2.cpp">
      <Filter>소스 파일</Filter>
    </ClCompile>
    <ClCompile Include="2×n 타일링 2.cpp">
      <Filter>소스 파일</Filter>
    </ClCompile>
    <ClCompile Include="카드 구매하기.cpp">
      <Filter>소스 파일</Filter>
    </ClCompile>
    <ClCompile Include="카드 구매하기 2.cpp">
      <Filter>소스 파일</Filter>
    </ClCompile>
    <ClCompile Include="1, 2, 3 더하기 5.cpp">
      <Filter>소스 파일</Filter>
    </ClCompile>
    <ClCompile Include="쉬운 계단 수.cpp">
      <Filter>소스 파일</Filter>
    </ClCompile>
    <ClCompile Include="이친수.cpp">
      <Filter>소스 파일</Filter>
    </ClCompile>
    <ClCompile Include="가장 긴 증가하는 부분 수열 4.cpp">
      <Filter>소스 파일</Filter>
    </ClCompile>
    <ClCompile Include="연속합.cpp">
      <Filter>소스 파일</Filter>
    </ClCompile>
    <ClCompile Include="제곱수의 합.cpp">
      <Filter>소스 파일</Filter>
    </ClCompile>
    <ClCompile Include="합분해.cpp">
      <Filter>소스 파일</Filter>
    </ClCompile>
    <ClCompile Include="1, 2, 3 더하기 3.cpp">
      <Filter>소스 파일</Filter>
    </ClCompile>
    <ClCompile Include="RGB거리.cpp">
      <Filter>소스 파일</Filter>
    </ClCompile>
  </ItemGroup>
</Project>